
Microsoft Visual Studio Solution File, Format Version 12.00
# Visual Studio Version 17
VisualStudioVersion = 17.8.34525.116
MinimumVisualStudioVersion = 10.0.40219.1
Project("{FAE04EC0-301F-11D3-BF4B-00C04F79EFBC}") = "Week15OOPAndFiles", "Week15OOPAndFiles\Week15OOPAndFiles.csproj", "{8C16C2A8-E9CA-4340-BAEA-2B3B9805CEB8}"
EndProject
Project("{FAE04EC0-301F-11D3-BF4B-00C04F79EFBC}") = "N15TK01", "..\N15TK01\N15TK01.csproj", "{CFC03F65-DA46-4339-B85A-E2EC6AF8EDF1}"
EndProject
Project("{FAE04EC0-301F-11D3-BF4B-00C04F79EFBC}") = "N15TK02", "..\N15TK02\N15TK02.csproj", "{F3E0E4F8-24D1-4050-858F-3AB845786FDB}"
EndProject
Global
	GlobalSection(SolutionConfigurationPlatforms) = preSolution
		Debug|Any CPU = Debug|Any CPU
		Release|Any CPU = Release|Any CPU
	EndGlobalSection
	GlobalSection(ProjectConfigurationPlatforms) = postSolution
		{8C16C2A8-E9CA-4340-BAEA-2B3B9805CEB8}.Debug|Any CPU.ActiveCfg = Debug|Any CPU
		{8C16C2A8-E9CA-4340-BAEA-2B3B9805CEB8}.Debug|Any CPU.Build.0 = Debug|Any CPU
		{8C16C2A8-E9CA-4340-BAEA-2B3B9805CEB8}.Release|Any CPU.ActiveCfg = Release|Any CPU
		{8C16C2A8-E9CA-4340-BAEA-2B3B9805CEB8}.Release|Any CPU.Build.0 = Release|Any CPU
		{CFC03F65-DA46-4339-B85A-E2EC6AF8EDF1}.Debug|Any CPU.ActiveCfg = Debug|Any CPU
		{CFC03F65-DA46-4339-B85A-E2EC6AF8EDF1}.Debug|Any CPU.Build.0 = Debug|Any CPU
		{CFC03F65-DA46-4339-B85A-E2EC6AF8EDF1}.Release|Any CPU.ActiveCfg = Release|Any CPU
		{CFC03F65-DA46-4339-B85A-E2EC6AF8EDF1}.Release|Any CPU.Build.0 = Release|Any CPU
		{F3E0E4F8-24D1-4050-858F-3AB845786FDB}.Debug|Any CPU.ActiveCfg = Debug|Any CPU
		{F3E0E4F8-24D1-4050-858F-3AB845786FDB}.Debug|Any CPU.Build.0 = Debug|Any CPU
		{F3E0E4F8-24D1-4050-858F-3AB845786FDB}.Release|Any CPU.ActiveCfg = Release|Any CPU
		{F3E0E4F8-24D1-4050-858F-3AB845786FDB}.Release|Any CPU.Build.0 = Release|Any CPU
	EndGlobalSection
	GlobalSection(SolutionProperties) = preSolution
		HideSolutionNode = FALSE
	EndGlobalSection
	GlobalSection(ExtensibilityGlobals) = postSolution
		SolutionGuid = {C26EBE60-ECAC-4F28-80B8-6AEAE68F9652}
	EndGlobalSection
EndGlobal
